Microsoft Visual Studio Solution File, Format Version 12.00
# Visual Studio Version 17
VisualStudioVersion = 17.5.2.0
MinimumVisualStudioVersion = 10.0.40219.1
Project("{FAE04EC0-301F-11D3-BF4B-00C04F79EFBC}") = "Backend", "backend-dotnet\Backend.csproj", "{1B8E5E7C-9D00-12F3-FB5D-7FA76C78A616}"
EndProject
Global
	GlobalSection(SolutionConfigurationPlatforms) = preSolution
		Debug|Any CPU = Debug|Any CPU
		Release|Any CPU = Release|Any CPU
	EndGlobalSection
	GlobalSection(ProjectConfigurationPlatforms) = postSolution
		{1B8E5E7C-9D00-12F3-FB5D-7FA76C78A616}.Debug|Any CPU.ActiveCfg = Debug|Any CPU
		{1B8E5E7C-9D00-12F3-FB5D-7FA76C78A616}.Debug|Any CPU.Build.0 = Debug|Any CPU
		{1B8E5E7C-9D00-12F3-FB5D-7FA76C78A616}.Release|Any CPU.ActiveCfg = Release|Any CPU
		{1B8E5E7C-9D00-12F3-FB5D-7FA76C78A616}.Release|Any CPU.Build.0 = Release|Any CPU
	EndGlobalSection
	GlobalSection(SolutionProperties) = preSolution
		HideSolutionNode = FALSE
	EndGlobalSection
	GlobalSection(ExtensibilityGlobals) = postSolution
		SolutionGuid = {3EAFF4BE-24CB-4ACD-BA91-0B678C715AD5}
	EndGlobalSection
EndGlobal
